
Microsoft Visual Studio Solution File, Format Version 12.00
# Visual Studio Version 17
VisualStudioVersion = 17.12.35527.113
MinimumVisualStudioVersion = 10.0.40219.1
Project("{FAE04EC0-301F-11D3-BF4B-00C04F79EFBC}") = "SkillZee.API", "SkillZee.API\SkillZee.API.csproj", "{B59DF58E-DD8D-4EF8-927A-96AFEDE6C044}"
EndProject
Project("{FAE04EC0-301F-11D3-BF4B-00C04F79EFBC}") = "SkillZee.Domain", "SkillZee.Domain\SkillZee.Domain.csproj", "{8089F07B-207D-40BA-A9F4-B7B3ED6EC8F9}"
EndProject
Project("{FAE04EC0-301F-11D3-BF4B-00C04F79EFBC}") = "SkillZee.Infrastructure", "SkillZee.Infrastructure\SkillZee.Infrastructure.csproj", "{82AC9021-8995-4A5C-841C-7150E2A7B4E5}"
EndProject
Project("{FAE04EC0-301F-11D3-BF4B-00C04F79EFBC}") = "SkillZee.Application", "SkillZee.Application\SkillZee.Application.csproj", "{25BBA9CB-6233-441E-850B-E7C462399FA0}"
EndProject
Project("{E53339B2-1760-4266-BCC7-CA923CBCF16C}") = "docker-compose", "docker-compose.dcproj", "{4D156B50-D059-4150-99F9-26BDC29F0721}"
EndProject
Global
	GlobalSection(SolutionConfigurationPlatforms) = preSolution
		Debug|Any CPU = Debug|Any CPU
		Release|Any CPU = Release|Any CPU
	EndGlobalSection
	GlobalSection(ProjectConfigurationPlatforms) = postSolution
		{B59DF58E-DD8D-4EF8-927A-96AFEDE6C044}.Debug|Any CPU.ActiveCfg = Debug|Any CPU
		{B59DF58E-DD8D-4EF8-927A-96AFEDE6C044}.Debug|Any CPU.Build.0 = Debug|Any CPU
		{B59DF58E-DD8D-4EF8-927A-96AFEDE6C044}.Release|Any CPU.ActiveCfg = Release|Any CPU
		{B59DF58E-DD8D-4EF8-927A-96AFEDE6C044}.Release|Any CPU.Build.0 = Release|Any CPU
		{8089F07B-207D-40BA-A9F4-B7B3ED6EC8F9}.Debug|Any CPU.ActiveCfg = Debug|Any CPU
		{8089F07B-207D-40BA-A9F4-B7B3ED6EC8F9}.Debug|Any CPU.Build.0 = Debug|Any CPU
		{8089F07B-207D-40BA-A9F4-B7B3ED6EC8F9}.Release|Any CPU.ActiveCfg = Release|Any CPU
		{8089F07B-207D-40BA-A9F4-B7B3ED6EC8F9}.Release|Any CPU.Build.0 = Release|Any CPU
		{82AC9021-8995-4A5C-841C-7150E2A7B4E5}.Debug|Any CPU.ActiveCfg = Debug|Any CPU
		{82AC9021-8995-4A5C-841C-7150E2A7B4E5}.Debug|Any CPU.Build.0 = Debug|Any CPU
		{82AC9021-8995-4A5C-841C-7150E2A7B4E5}.Release|Any CPU.ActiveCfg = Release|Any CPU
		{82AC9021-8995-4A5C-841C-7150E2A7B4E5}.Release|Any CPU.Build.0 = Release|Any CPU
		{25BBA9CB-6233-441E-850B-E7C462399FA0}.Debug|Any CPU.ActiveCfg = Debug|Any CPU
		{25BBA9CB-6233-441E-850B-E7C462399FA0}.Debug|Any CPU.Build.0 = Debug|Any CPU
		{25BBA9CB-6233-441E-850B-E7C462399FA0}.Release|Any CPU.ActiveCfg = Release|Any CPU
		{25BBA9CB-6233-441E-850B-E7C462399FA0}.Release|Any CPU.Build.0 = Release|Any CPU
		{4D156B50-D059-4150-99F9-26BDC29F0721}.Debug|Any CPU.ActiveCfg = Debug|Any CPU
		{4D156B50-D059-4150-99F9-26BDC29F0721}.Debug|Any CPU.Build.0 = Debug|Any CPU
		{4D156B50-D059-4150-99F9-26BDC29F0721}.Release|Any CPU.ActiveCfg = Release|Any CPU
		{4D156B50-D059-4150-99F9-26BDC29F0721}.Release|Any CPU.Build.0 = Release|Any CPU
	EndGlobalSection
	GlobalSection(SolutionProperties) = preSolution
		HideSolutionNode = FALSE
	EndGlobalSection
EndGlobal
